
Microsoft Visual Studio Solution File, Format Version 12.00
# Visual Studio 15
VisualStudioVersion = 15.0.28307.645
MinimumVisualStudioVersion = 10.0.40219.1
Project("{FAE04EC0-301F-11D3-BF4B-00C04F79EFBC}") = "WcfService", "WcfService\WcfService.csproj", "{09D99340-C004-4393-9B72-36033959BF28}"
EndProject
Project("{FAE04EC0-301F-11D3-BF4B-00C04F79EFBC}") = "Host", "Host\Host.csproj", "{261F3AC1-D806-435B-85A8-4D3FEB464D09}"
EndProject
Project("{FAE04EC0-301F-11D3-BF4B-00C04F79EFBC}") = "Client", "Client\Client.csproj", "{741FCD16-FA79-4545-8023-5EEAA63F24B7}"
EndProject
Project("{FAE04EC0-301F-11D3-BF4B-00C04F79EFBC}") = "Worker", "Worker\Worker.csproj", "{D8B8CCC2-3891-4177-8CC3-E91742F66E71}"
EndProject
Global
	GlobalSection(SolutionConfigurationPlatforms) = preSolution
		Debug|Any CPU = Debug|Any CPU
		Release|Any CPU = Release|Any CPU
	EndGlobalSection
	GlobalSection(ProjectConfigurationPlatforms) = postSolution
		{09D99340-C004-4393-9B72-36033959BF28}.Debug|Any CPU.ActiveCfg = Debug|Any CPU
		{09D99340-C004-4393-9B72-36033959BF28}.Debug|Any CPU.Build.0 = Debug|Any CPU
		{09D99340-C004-4393-9B72-36033959BF28}.Release|Any CPU.ActiveCfg = Release|Any CPU
		{09D99340-C004-4393-9B72-36033959BF28}.Release|Any CPU.Build.0 = Release|Any CPU
		{261F3AC1-D806-435B-85A8-4D3FEB464D09}.Debug|Any CPU.ActiveCfg = Debug|Any CPU
		{261F3AC1-D806-435B-85A8-4D3FEB464D09}.Debug|Any CPU.Build.0 = Debug|Any CPU
		{261F3AC1-D806-435B-85A8-4D3FEB464D09}.Release|Any CPU.ActiveCfg = Release|Any CPU
		{261F3AC1-D806-435B-85A8-4D3FEB464D09}.Release|Any CPU.Build.0 = Release|Any CPU
		{741FCD16-FA79-4545-8023-5EEAA63F24B7}.Debug|Any CPU.ActiveCfg = Debug|Any CPU
		{741FCD16-FA79-4545-8023-5EEAA63F24B7}.Debug|Any CPU.Build.0 = Debug|Any CPU
		{741FCD16-FA79-4545-8023-5EEAA63F24B7}.Release|Any CPU.ActiveCfg = Release|Any CPU
		{741FCD16-FA79-4545-8023-5EEAA63F24B7}.Release|Any CPU.Build.0 = Release|Any CPU
		{D8B8CCC2-3891-4177-8CC3-E91742F66E71}.Debug|Any CPU.ActiveCfg = Debug|Any CPU
		{D8B8CCC2-3891-4177-8CC3-E91742F66E71}.Debug|Any CPU.Build.0 = Debug|Any CPU
		{D8B8CCC2-3891-4177-8CC3-E91742F66E71}.Release|Any CPU.ActiveCfg = Release|Any CPU
		{D8B8CCC2-3891-4177-8CC3-E91742F66E71}.Release|Any CPU.Build.0 = Release|Any CPU
	EndGlobalSection
	GlobalSection(SolutionProperties) = preSolution
		HideSolutionNode = FALSE
	EndGlobalSection
	GlobalSection(ExtensibilityGlobals) = postSolution
		SolutionGuid = {0D172806-EBB2-4257-9845-73D9236DD8FD}
	EndGlobalSection
EndGlobal
